
Microsoft Visual Studio Solution File, Format Version 12.00
# Visual Studio Version 17
VisualStudioVersion = 17.5.33530.505
MinimumVisualStudioVersion = 10.0.40219.1
Project("{FAE04EC0-301F-11D3-BF4B-00C04F79EFBC}") = "WebApplication1", "WebApplication1\WebApplication1.csproj", "{D9252795-A52A-4BCC-B404-67B9BAA1553C}"
EndProject
Global
	GlobalSection(SolutionConfigurationPlatforms) = preSolution
		Debug|Any CPU = Debug|Any CPU
		Release|Any CPU = Release|Any CPU
	EndGlobalSection
	GlobalSection(ProjectConfigurationPlatforms) = postSolution
		{D9252795-A52A-4BCC-B404-67B9BAA1553C}.Debug|Any CPU.ActiveCfg = Debug|Any CPU
		{D9252795-A52A-4BCC-B404-67B9BAA1553C}.Debug|Any CPU.Build.0 = Debug|Any CPU
		{D9252795-A52A-4BCC-B404-67B9BAA1553C}.Release|Any CPU.ActiveCfg = Release|Any CPU
		{D9252795-A52A-4BCC-B404-67B9BAA1553C}.Release|Any CPU.Build.0 = Release|Any CPU
	EndGlobalSection
	GlobalSection(SolutionProperties) = preSolution
		HideSolutionNode = FALSE
	EndGlobalSection
	GlobalSection(ExtensibilityGlobals) = postSolution
		SolutionGuid = {56E8B44E-E089-4AD6-A56C-971B63A97A23}
	EndGlobalSection
EndGlobal
